
Microsoft Visual Studio Solution File, Format Version 12.00
# Visual Studio Version 17
VisualStudioVersion = 17.5.002.0
MinimumVisualStudioVersion = 10.0.40219.1
Project("{9A19103F-16F7-4668-BE54-9A1E7A4F7556}") = "tl1-tp7-2024-teoMunoz99", "tl1-tp7-2024-teoMunoz99.csproj", "{680567CD-0A50-48BE-AD2B-CE3F9CC4909A}"
EndProject
Global
	GlobalSection(SolutionConfigurationPlatforms) = preSolution
		Debug|Any CPU = Debug|Any CPU
		Release|Any CPU = Release|Any CPU
	EndGlobalSection
	GlobalSection(ProjectConfigurationPlatforms) = postSolution
		{680567CD-0A50-48BE-AD2B-CE3F9CC4909A}.Debug|Any CPU.ActiveCfg = Debug|Any CPU
		{680567CD-0A50-48BE-AD2B-CE3F9CC4909A}.Debug|Any CPU.Build.0 = Debug|Any CPU
		{680567CD-0A50-48BE-AD2B-CE3F9CC4909A}.Release|Any CPU.ActiveCfg = Release|Any CPU
		{680567CD-0A50-48BE-AD2B-CE3F9CC4909A}.Release|Any CPU.Build.0 = Release|Any CPU
	EndGlobalSection
	GlobalSection(SolutionProperties) = preSolution
		HideSolutionNode = FALSE
	EndGlobalSection
	GlobalSection(ExtensibilityGlobals) = postSolution
		SolutionGuid = {E909DEBE-4C9E-4D7D-BF5A-9C18A6CA8B51}
	EndGlobalSection
EndGlobal
